// !$*UTF8*$!
{
	archiveVersion = 1;
	classes = {};
	objectVersion = 60;
	objects = {

/* Begin PBXBuildFile section */
		A10000000000000000000001 /* BancoDoTabuleiroApp.swift in Sources */ = {isa = PBXBuildFile; fileRef = A20000000000000000000001 /* BancoDoTabuleiroApp.swift */; };
		A10000000000000000000002 /* GameModels.swift in Sources */ = {isa = PBXBuildFile; fileRef = A20000000000000000000002 /* GameModels.swift */; };
		A10000000000000000000003 /* SQLiteGameRepository.swift in Sources */ = {isa = PBXBuildFile; fileRef = A20000000000000000000003 /* SQLiteGameRepository.swift */; };
		A10000000000000000000004 /* Theme.swift in Sources */ = {isa = PBXBuildFile; fileRef = A20000000000000000000004 /* Theme.swift */; };
		A10000000000000000000005 /* HomeView.swift in Sources */ = {isa = PBXBuildFile; fileRef = A20000000000000000000005 /* HomeView.swift */; };
		A10000000000000000000006 /* CreateGameView.swift in Sources */ = {isa = PBXBuildFile; fileRef = A20000000000000000000006 /* CreateGameView.swift */; };
		A10000000000000000000007 /* PaymentViews.swift in Sources */ = {isa = PBXBuildFile; fileRef = A20000000000000000000007 /* PaymentViews.swift */; };
		A10000000000000000000008 /* PropertyView.swift in Sources */ = {isa = PBXBuildFile; fileRef = A20000000000000000000008 /* PropertyView.swift */; };
		A10000000000000000000009 /* StatementView.swift in Sources */ = {isa = PBXBuildFile; fileRef = A20000000000000000000009 /* StatementView.swift */; };
		A1000000000000000000000A /* BoardView.swift in Sources */ = {isa = PBXBuildFile; fileRef = A2000000000000000000000A /* BoardView.swift */; };
		A1000000000000000000000B /* SQLiteGameRepositoryTests.swift in Sources */ = {isa = PBXBuildFile; fileRef = A2000000000000000000000B /* SQLiteGameRepositoryTests.swift */; };
		A1000000000000000000000C /* BankFlowUITests.swift in Sources */ = {isa = PBXBuildFile; fileRef = A2000000000000000000000C /* BankFlowUITests.swift */; };
		A1000000000000000000000D /* libsqlite3.tbd in Frameworks */ = {isa = PBXBuildFile; fileRef = A2000000000000000000000D /* libsqlite3.tbd */; };
		A1000000000000000000000E /* Art.scnassets in Resources */ = {isa = PBXBuildFile; fileRef = A2000000000000000000000E /* Art.scnassets */; };
/* End PBXBuildFile section */

/* Begin PBXContainerItemProxy section */
		A30000000000000000000001 /* PBXContainerItemProxy */ = {
			isa = PBXContainerItemProxy;
			containerPortal = A00000000000000000000001 /* Project object */;
			proxyType = 1;
			remoteGlobalIDString = A40000000000000000000001;
			remoteInfo = BancoDoTabuleiro;
		};
		A30000000000000000000002 /* PBXContainerItemProxy */ = {
			isa = PBXContainerItemProxy;
			containerPortal = A00000000000000000000001 /* Project object */;
			proxyType = 1;
			remoteGlobalIDString = A40000000000000000000001;
			remoteInfo = BancoDoTabuleiro;
		};
/* End PBXContainerItemProxy section */

/* Begin PBXFileReference section */
		A20000000000000000000001 /* BancoDoTabuleiroApp.swift */ = {isa = PBXFileReference; lastKnownFileType = sourcecode.swift; path = App/BancoDoTabuleiroApp.swift; sourceTree = "<group>"; };
		A20000000000000000000002 /* GameModels.swift */ = {isa = PBXFileReference; lastKnownFileType = sourcecode.swift; path = Domain/GameModels.swift; sourceTree = "<group>"; };
		A20000000000000000000003 /* SQLiteGameRepository.swift */ = {isa = PBXFileReference; lastKnownFileType = sourcecode.swift; path = Data/SQLite/SQLiteGameRepository.swift; sourceTree = "<group>"; };
		A20000000000000000000004 /* Theme.swift */ = {isa = PBXFileReference; lastKnownFileType = sourcecode.swift; path = DesignSystem/Theme.swift; sourceTree = "<group>"; };
		A20000000000000000000005 /* HomeView.swift */ = {isa = PBXFileReference; lastKnownFileType = sourcecode.swift; path = Features/Home/HomeView.swift; sourceTree = "<group>"; };
		A20000000000000000000006 /* CreateGameView.swift */ = {isa = PBXFileReference; lastKnownFileType = sourcecode.swift; path = Features/Home/CreateGameView.swift; sourceTree = "<group>"; };
		A20000000000000000000007 /* PaymentViews.swift */ = {isa = PBXFileReference; lastKnownFileType = sourcecode.swift; path = Features/Transfers/PaymentViews.swift; sourceTree = "<group>"; };
		A20000000000000000000008 /* PropertyView.swift */ = {isa = PBXFileReference; lastKnownFileType = sourcecode.swift; path = Features/Properties/PropertyView.swift; sourceTree = "<group>"; };
		A20000000000000000000009 /* StatementView.swift */ = {isa = PBXFileReference; lastKnownFileType = sourcecode.swift; path = Features/Statement/StatementView.swift; sourceTree = "<group>"; };
		A2000000000000000000000A /* BoardView.swift */ = {isa = PBXFileReference; lastKnownFileType = sourcecode.swift; path = Features/Board/BoardView.swift; sourceTree = "<group>"; };
		A2000000000000000000000B /* SQLiteGameRepositoryTests.swift */ = {isa = PBXFileReference; lastKnownFileType = sourcecode.swift; path = SQLiteGameRepositoryTests.swift; sourceTree = "<group>"; };
		A2000000000000000000000C /* BankFlowUITests.swift */ = {isa = PBXFileReference; lastKnownFileType = sourcecode.swift; path = BankFlowUITests.swift; sourceTree = "<group>"; };
		A2000000000000000000000D /* libsqlite3.tbd */ = {isa = PBXFileReference; lastKnownFileType = "sourcecode.text-based-dylib-definition"; name = libsqlite3.tbd; path = usr/lib/libsqlite3.tbd; sourceTree = SDKROOT; };
		A2000000000000000000000E /* Art.scnassets */ = {isa = PBXFileReference; lastKnownFileType = folder; path = Art.scnassets; sourceTree = "<group>"; };
		A2000000000000000000000F /* BancoDoTabuleiro.app */ = {isa = PBXFileReference; explicitFileType = wrapper.application; includeInIndex = 0; path = BancoDoTabuleiro.app; sourceTree = BUILT_PRODUCTS_DIR; };
		A20000000000000000000010 /* BancoDoTabuleiroTests.xctest */ = {isa = PBXFileReference; explicitFileType = wrapper.cfbundle; includeInIndex = 0; path = BancoDoTabuleiroTests.xctest; sourceTree = BUILT_PRODUCTS_DIR; };
		A20000000000000000000011 /* BancoDoTabuleiroUITests.xctest */ = {isa = PBXFileReference; explicitFileType = wrapper.cfbundle; includeInIndex = 0; path = BancoDoTabuleiroUITests.xctest; sourceTree = BUILT_PRODUCTS_DIR; };
/* End PBXFileReference section */

/* Begin PBXFrameworksBuildPhase section */
		A50000000000000000000001 /* Frameworks */ = {
			isa = PBXFrameworksBuildPhase;
			buildActionMask = 2147483647;
			files = (A1000000000000000000000D /* libsqlite3.tbd in Frameworks */, );
			runOnlyForDeploymentPostprocessing = 0;
		};
		A50000000000000000000002 /* Frameworks */ = {isa = PBXFrameworksBuildPhase; buildActionMask = 2147483647; files = (); runOnlyForDeploymentPostprocessing = 0; };
		A50000000000000000000003 /* Frameworks */ = {isa = PBXFrameworksBuildPhase; buildActionMask = 2147483647; files = (); runOnlyForDeploymentPostprocessing = 0; };
/* End PBXFrameworksBuildPhase section */

/* Begin PBXGroup section */
		A60000000000000000000001 = {
			isa = PBXGroup;
			children = (
				A60000000000000000000002 /* BancoDoTabuleiro */,
				A60000000000000000000003 /* BancoDoTabuleiroTests */,
				A60000000000000000000004 /* BancoDoTabuleiroUITests */,
				A60000000000000000000005 /* Frameworks */,
				A60000000000000000000006 /* Products */,
			);
			sourceTree = "<group>";
		};
		A60000000000000000000002 /* BancoDoTabuleiro */ = {
			isa = PBXGroup;
			children = (
				A20000000000000000000001 /* BancoDoTabuleiroApp.swift */,
				A20000000000000000000002 /* GameModels.swift */,
				A20000000000000000000003 /* SQLiteGameRepository.swift */,
				A20000000000000000000004 /* Theme.swift */,
				A20000000000000000000005 /* HomeView.swift */,
				A20000000000000000000006 /* CreateGameView.swift */,
				A20000000000000000000007 /* PaymentViews.swift */,
				A20000000000000000000008 /* PropertyView.swift */,
				A20000000000000000000009 /* StatementView.swift */,
				A2000000000000000000000A /* BoardView.swift */,
				A2000000000000000000000E /* Art.scnassets */,
			);
			path = BancoDoTabuleiro;
			sourceTree = "<group>";
		};
		A60000000000000000000003 /* BancoDoTabuleiroTests */ = {isa = PBXGroup; children = (A2000000000000000000000B /* SQLiteGameRepositoryTests.swift */, ); path = BancoDoTabuleiroTests; sourceTree = "<group>"; };
		A60000000000000000000004 /* BancoDoTabuleiroUITests */ = {isa = PBXGroup; children = (A2000000000000000000000C /* BankFlowUITests.swift */, ); path = BancoDoTabuleiroUITests; sourceTree = "<group>"; };
		A60000000000000000000005 /* Frameworks */ = {isa = PBXGroup; children = (A2000000000000000000000D /* libsqlite3.tbd */, ); name = Frameworks; sourceTree = "<group>"; };
		A60000000000000000000006 /* Products */ = {isa = PBXGroup; children = (A2000000000000000000000F /* BancoDoTabuleiro.app */, A20000000000000000000010 /* BancoDoTabuleiroTests.xctest */, A20000000000000000000011 /* BancoDoTabuleiroUITests.xctest */, ); name = Products; sourceTree = "<group>"; };
/* End PBXGroup section */

/* Begin PBXNativeTarget section */
		A40000000000000000000001 /* BancoDoTabuleiro */ = {
			isa = PBXNativeTarget;
			buildConfigurationList = A70000000000000000000001 /* Build configuration list for PBXNativeTarget "BancoDoTabuleiro" */;
			buildPhases = (A80000000000000000000001 /* Sources */, A50000000000000000000001 /* Frameworks */, A90000000000000000000001 /* Resources */, );
			buildRules = ();
			dependencies = ();
			name = BancoDoTabuleiro;
			productName = BancoDoTabuleiro;
			productReference = A2000000000000000000000F /* BancoDoTabuleiro.app */;
			productType = "com.apple.product-type.application";
		};
		A40000000000000000000002 /* BancoDoTabuleiroTests */ = {
			isa = PBXNativeTarget;
			buildConfigurationList = A70000000000000000000002 /* Build configuration list for PBXNativeTarget "BancoDoTabuleiroTests" */;
			buildPhases = (A80000000000000000000002 /* Sources */, A50000000000000000000002 /* Frameworks */, A90000000000000000000002 /* Resources */, );
			buildRules = ();
			dependencies = (AB0000000000000000000001 /* BancoDoTabuleiro target dependency */, );
			name = BancoDoTabuleiroTests;
			productName = BancoDoTabuleiroTests;
			productReference = A20000000000000000000010 /* BancoDoTabuleiroTests.xctest */;
			productType = "com.apple.product-type.bundle.unit-test";
		};
		A40000000000000000000003 /* BancoDoTabuleiroUITests */ = {
			isa = PBXNativeTarget;
			buildConfigurationList = A70000000000000000000003 /* Build configuration list for PBXNativeTarget "BancoDoTabuleiroUITests" */;
			buildPhases = (A80000000000000000000003 /* Sources */, A50000000000000000000003 /* Frameworks */, A90000000000000000000003 /* Resources */, );
			buildRules = ();
			dependencies = (AB0000000000000000000002 /* BancoDoTabuleiro target dependency */, );
			name = BancoDoTabuleiroUITests;
			productName = BancoDoTabuleiroUITests;
			productReference = A20000000000000000000011 /* BancoDoTabuleiroUITests-Runner.app */;
			productType = "com.apple.product-type.bundle.ui-testing";
		};
/* End PBXNativeTarget section */

/* Begin PBXProject section */
		A00000000000000000000001 /* Project object */ = {
			isa = PBXProject;
			attributes = {
				BuildIndependentTargetsInParallel = 1;
				LastUpgradeCheck = 1600;
				TargetAttributes = {
					A40000000000000000000001 = {CreatedOnToolsVersion = 16.0; };
					A40000000000000000000002 = {CreatedOnToolsVersion = 16.0; TestTargetID = A40000000000000000000001; };
					A40000000000000000000003 = {CreatedOnToolsVersion = 16.0; TestTargetID = A40000000000000000000001; };
				};
			};
			buildConfigurationList = A70000000000000000000000 /* Build configuration list for PBXProject "BancoDoTabuleiro" */;
			compatibilityVersion = "Xcode 14.0";
			developmentRegion = pt_BR;
			hasScannedForEncodings = 0;
			knownRegions = (pt_BR, en, Base, );
			mainGroup = A60000000000000000000001;
			productRefGroup = A60000000000000000000006 /* Products */;
			projectDirPath = "";
			projectRoot = "";
			targets = (A40000000000000000000001 /* BancoDoTabuleiro */, A40000000000000000000002 /* BancoDoTabuleiroTests */, A40000000000000000000003 /* BancoDoTabuleiroUITests */, );
		};
/* End PBXProject section */

/* Begin PBXResourcesBuildPhase section */
		A90000000000000000000001 /* Resources */ = {isa = PBXResourcesBuildPhase; buildActionMask = 2147483647; files = (A1000000000000000000000E /* Art.scnassets in Resources */, ); runOnlyForDeploymentPostprocessing = 0; };
		A90000000000000000000002 /* Resources */ = {isa = PBXResourcesBuildPhase; buildActionMask = 2147483647; files = (); runOnlyForDeploymentPostprocessing = 0; };
		A90000000000000000000003 /* Resources */ = {isa = PBXResourcesBuildPhase; buildActionMask = 2147483647; files = (); runOnlyForDeploymentPostprocessing = 0; };
/* End PBXResourcesBuildPhase section */

/* Begin PBXSourcesBuildPhase section */
		A80000000000000000000001 /* Sources */ = {isa = PBXSourcesBuildPhase; buildActionMask = 2147483647; files = (
			A10000000000000000000001 /* BancoDoTabuleiroApp.swift in Sources */,
			A10000000000000000000002 /* GameModels.swift in Sources */,
			A10000000000000000000003 /* SQLiteGameRepository.swift in Sources */,
			A10000000000000000000004 /* Theme.swift in Sources */,
			A10000000000000000000005 /* HomeView.swift in Sources */,
			A10000000000000000000006 /* CreateGameView.swift in Sources */,
			A10000000000000000000007 /* PaymentViews.swift in Sources */,
			A10000000000000000000008 /* PropertyView.swift in Sources */,
			A10000000000000000000009 /* StatementView.swift in Sources */,
			A1000000000000000000000A /* BoardView.swift in Sources */,
		); runOnlyForDeploymentPostprocessing = 0; };
		A80000000000000000000002 /* Sources */ = {isa = PBXSourcesBuildPhase; buildActionMask = 2147483647; files = (A1000000000000000000000B /* SQLiteGameRepositoryTests.swift in Sources */, ); runOnlyForDeploymentPostprocessing = 0; };
		A80000000000000000000003 /* Sources */ = {isa = PBXSourcesBuildPhase; buildActionMask = 2147483647; files = (A1000000000000000000000C /* BankFlowUITests.swift in Sources */, ); runOnlyForDeploymentPostprocessing = 0; };
/* End PBXSourcesBuildPhase section */

/* Begin PBXTargetDependency section */
		AB0000000000000000000001 /* PBXTargetDependency */ = {isa = PBXTargetDependency; target = A40000000000000000000001 /* BancoDoTabuleiro */; targetProxy = A30000000000000000000001 /* PBXContainerItemProxy */; };
		AB0000000000000000000002 /* PBXTargetDependency */ = {isa = PBXTargetDependency; target = A40000000000000000000001 /* BancoDoTabuleiro */; targetProxy = A30000000000000000000002 /* PBXContainerItemProxy */; };
/* End PBXTargetDependency section */

/* Begin XCBuildConfiguration section */
		AC0000000000000000000001 /* Project Debug */ = {isa = XCBuildConfiguration; buildSettings = {
			ALWAYS_SEARCH_USER_PATHS = NO; CLANG_ENABLE_MODULES = YES; CLANG_ENABLE_OBJC_ARC = YES; CLANG_WARN_DOCUMENTATION_COMMENTS = YES; CLANG_WARN_QUOTED_INCLUDE_IN_FRAMEWORK_HEADER = YES; CLANG_CXX_LANGUAGE_STANDARD = "gnu++20"; COPY_PHASE_STRIP = NO; DEBUG_INFORMATION_FORMAT = dwarf; ENABLE_STRICT_OBJC_MSGSEND = YES; GCC_C_LANGUAGE_STANDARD = gnu17; GCC_OPTIMIZATION_LEVEL = 0; IPHONEOS_DEPLOYMENT_TARGET = 17.0; MTL_ENABLE_DEBUG_INFO = INCLUDE_SOURCE; ONLY_ACTIVE_ARCH = YES; SDKROOT = iphoneos; SWIFT_ACTIVE_COMPILATION_CONDITIONS = "DEBUG $(inherited)"; SWIFT_OPTIMIZATION_LEVEL = "-Onone"; SWIFT_VERSION = 5.0;
		}; name = Debug; };
		AC0000000000000000000002 /* Project Release */ = {isa = XCBuildConfiguration; buildSettings = {
			ALWAYS_SEARCH_USER_PATHS = NO; CLANG_ENABLE_MODULES = YES; CLANG_ENABLE_OBJC_ARC = YES; CLANG_WARN_DOCUMENTATION_COMMENTS = YES; CLANG_WARN_QUOTED_INCLUDE_IN_FRAMEWORK_HEADER = YES; CLANG_CXX_LANGUAGE_STANDARD = "gnu++20"; COPY_PHASE_STRIP = NO; DEBUG_INFORMATION_FORMAT = "dwarf-with-dsym"; ENABLE_NS_ASSERTIONS = NO; ENABLE_STRICT_OBJC_MSGSEND = YES; GCC_C_LANGUAGE_STANDARD = gnu17; IPHONEOS_DEPLOYMENT_TARGET = 17.0; MTL_ENABLE_DEBUG_INFO = NO; SDKROOT = iphoneos; SWIFT_COMPILATION_MODE = wholemodule; SWIFT_OPTIMIZATION_LEVEL = "-O"; SWIFT_VERSION = 5.0;
		}; name = Release; };
		AC0000000000000000000003 /* App Debug */ = {isa = XCBuildConfiguration; buildSettings = {
			ASSETCATALOG_COMPILER_GLOBAL_ACCENT_COLOR_NAME = AccentColor; CODE_SIGN_STYLE = Automatic; CURRENT_PROJECT_VERSION = 1; GENERATE_INFOPLIST_FILE = YES; INFOPLIST_KEY_CFBundleDisplayName = "Banco do Tabuleiro"; INFOPLIST_KEY_LSApplicationCategoryType = "public.app-category.board-games"; INFOPLIST_KEY_UILaunchScreen_Generation = YES; IPHONEOS_DEPLOYMENT_TARGET = 17.0; MARKETING_VERSION = 0.1; PRODUCT_BUNDLE_IDENTIFIER = com.bancodotabuleiro.pix; PRODUCT_NAME = "$(TARGET_NAME)"; SDKROOT = iphoneos; SUPPORTED_PLATFORMS = "iphoneos iphonesimulator"; SWIFT_EMIT_LOC_STRINGS = YES; SWIFT_VERSION = 5.0; TARGETED_DEVICE_FAMILY = 1;
		}; name = Debug; };
		AC0000000000000000000004 /* App Release */ = {isa = XCBuildConfiguration; buildSettings = {
			ASSETCATALOG_COMPILER_GLOBAL_ACCENT_COLOR_NAME = AccentColor; CODE_SIGN_STYLE = Automatic; CURRENT_PROJECT_VERSION = 1; GENERATE_INFOPLIST_FILE = YES; INFOPLIST_KEY_CFBundleDisplayName = "Banco do Tabuleiro"; INFOPLIST_KEY_LSApplicationCategoryType = "public.app-category.board-games"; INFOPLIST_KEY_UILaunchScreen_Generation = YES; IPHONEOS_DEPLOYMENT_TARGET = 17.0; MARKETING_VERSION = 0.1; PRODUCT_BUNDLE_IDENTIFIER = com.bancodotabuleiro.pix; PRODUCT_NAME = "$(TARGET_NAME)"; SDKROOT = iphoneos; SUPPORTED_PLATFORMS = "iphoneos iphonesimulator"; SWIFT_EMIT_LOC_STRINGS = YES; SWIFT_VERSION = 5.0; TARGETED_DEVICE_FAMILY = 1;
		}; name = Release; };
		AC0000000000000000000005 /* Unit Tests Debug */ = {isa = XCBuildConfiguration; buildSettings = {
			BUNDLE_LOADER = "$(TEST_HOST)"; CODE_SIGN_STYLE = Automatic; GENERATE_INFOPLIST_FILE = YES; IPHONEOS_DEPLOYMENT_TARGET = 17.0; PRODUCT_BUNDLE_IDENTIFIER = com.bancodotabuleiro.pix.tests; PRODUCT_NAME = "$(TARGET_NAME)"; SDKROOT = iphoneos; SUPPORTED_PLATFORMS = "iphoneos iphonesimulator"; SWIFT_VERSION = 5.0; TARGETED_DEVICE_FAMILY = 1; TEST_HOST = "$(BUILT_PRODUCTS_DIR)/BancoDoTabuleiro.app/$(BUNDLE_EXECUTABLE_FOLDER_PATH)/BancoDoTabuleiro";
		}; name = Debug; };
		AC0000000000000000000006 /* Unit Tests Release */ = {isa = XCBuildConfiguration; buildSettings = {
			BUNDLE_LOADER = "$(TEST_HOST)"; CODE_SIGN_STYLE = Automatic; GENERATE_INFOPLIST_FILE = YES; IPHONEOS_DEPLOYMENT_TARGET = 17.0; PRODUCT_BUNDLE_IDENTIFIER = com.bancodotabuleiro.pix.tests; PRODUCT_NAME = "$(TARGET_NAME)"; SDKROOT = iphoneos; SUPPORTED_PLATFORMS = "iphoneos iphonesimulator"; SWIFT_VERSION = 5.0; TARGETED_DEVICE_FAMILY = 1; TEST_HOST = "$(BUILT_PRODUCTS_DIR)/BancoDoTabuleiro.app/$(BUNDLE_EXECUTABLE_FOLDER_PATH)/BancoDoTabuleiro";
		}; name = Release; };
		AC0000000000000000000007 /* UI Tests Debug */ = {isa = XCBuildConfiguration; buildSettings = {
			CODE_SIGN_STYLE = Automatic; GENERATE_INFOPLIST_FILE = YES; IPHONEOS_DEPLOYMENT_TARGET = 17.0; PRODUCT_BUNDLE_IDENTIFIER = com.bancodotabuleiro.pix.uitests; PRODUCT_NAME = "$(TARGET_NAME)"; SDKROOT = iphoneos; SUPPORTED_PLATFORMS = "iphoneos iphonesimulator"; SWIFT_VERSION = 5.0; TARGETED_DEVICE_FAMILY = 1; TEST_TARGET_NAME = BancoDoTabuleiro;
		}; name = Debug; };
		AC0000000000000000000008 /* UI Tests Release */ = {isa = XCBuildConfiguration; buildSettings = {
			CODE_SIGN_STYLE = Automatic; GENERATE_INFOPLIST_FILE = YES; IPHONEOS_DEPLOYMENT_TARGET = 17.0; PRODUCT_BUNDLE_IDENTIFIER = com.bancodotabuleiro.pix.uitests; PRODUCT_NAME = "$(TARGET_NAME)"; SDKROOT = iphoneos; SUPPORTED_PLATFORMS = "iphoneos iphonesimulator"; SWIFT_VERSION = 5.0; TARGETED_DEVICE_FAMILY = 1; TEST_TARGET_NAME = BancoDoTabuleiro;
		}; name = Release; };
/* End XCBuildConfiguration section */

/* Begin XCConfigurationList section */
		A70000000000000000000000 /* Build configuration list for PBXProject "BancoDoTabuleiro" */ = {isa = XCConfigurationList; buildConfigurations = (AC0000000000000000000001 /* Project Debug */, AC0000000000000000000002 /* Project Release */, ); defaultConfigurationIsVisible = 0; defaultConfigurationName = Release; };
		A70000000000000000000001 /* Build configuration list for PBXNativeTarget "BancoDoTabuleiro" */ = {isa = XCConfigurationList; buildConfigurations = (AC0000000000000000000003 /* App Debug */, AC0000000000000000000004 /* App Release */, ); defaultConfigurationIsVisible = 0; defaultConfigurationName = Release; };
		A70000000000000000000002 /* Build configuration list for PBXNativeTarget "BancoDoTabuleiroTests" */ = {isa = XCConfigurationList; buildConfigurations = (AC0000000000000000000005 /* Unit Tests Debug */, AC0000000000000000000006 /* Unit Tests Release */, ); defaultConfigurationIsVisible = 0; defaultConfigurationName = Release; };
		A70000000000000000000003 /* Build configuration list for PBXNativeTarget "BancoDoTabuleiroUITests" */ = {isa = XCConfigurationList; buildConfigurations = (AC0000000000000000000007 /* UI Tests Debug */, AC0000000000000000000008 /* UI Tests Release */, ); defaultConfigurationIsVisible = 0; defaultConfigurationName = Release; };
/* End XCConfigurationList section */
	};
	rootObject = A00000000000000000000001 /* Project object */;
}
